{
  "object": {
    "pins": [
      {
        "package": "Alamofire",
        "repositoryURL": "https://github.com/Alamofire/Alamofire",
        "state": {
          "branch": null,
          "revision": "b02c4ee7f1659090f7ac543c022f922beeb04bc6",
          "version": "5.0.2"
        }
      },
      {
        "package": "SDWebImage",
        "repositoryURL": "https://github.com/SDWebImage/SDWebImage",
        "state": {
          "branch": null,
          "revision": "aa7ff6f060d8f34d2c66a716aefff1a3bc9ef816",
          "version": "5.5.2"
        }
      },
      {
        "package": "ViewAnimator",
        "repositoryURL": "https://github.com/marcosgriselli/ViewAnimator",
        "state": {
          "branch": null,
          "revision": "17e7ba9e9c9e09bfd46086e0189b198fedc67847",
          "version": "2.7.0"
        }
      }
    ]
  },
  "version": 1
}
