// !$*UTF8*$!
{
	archiveVersion = 1;
	classes = {
	};
	objectVersion = 52;
	objects = {

/* Begin PBXBuildFile section */
		AC08044024059D2E005B8738 /* AppDelegate.swift in Sources */ = {isa = PBXBuildFile; fileRef = AC08043F24059D2E005B8738 /* AppDelegate.swift */; };
		AC08044224059D2E005B8738 /* SceneDelegate.swift in Sources */ = {isa = PBXBuildFile; fileRef = AC08044124059D2E005B8738 /* SceneDelegate.swift */; };
		AC08044424059D2E005B8738 /* ViewController.swift in Sources */ = {isa = PBXBuildFile; fileRef = AC08044324059D2E005B8738 /* ViewController.swift */; };
		AC08044724059D2E005B8738 /* Main.storyboard in Resources */ = {isa = PBXBuildFile; fileRef = AC08044524059D2E005B8738 /* Main.storyboard */; };
		AC08044924059D2F005B8738 /* Assets.xcassets in Resources */ = {isa = PBXBuildFile; fileRef = AC08044824059D2F005B8738 /* Assets.xcassets */; };
		AC08044C24059D2F005B8738 /* LaunchScreen.storyboard in Resources */ = {isa = PBXBuildFile; fileRef = AC08044A24059D2F005B8738 /* LaunchScreen.storyboard */; };
		AC08045C2405AEDC005B8738 /* ResultsItems.swift in Sources */ = {isa = PBXBuildFile; fileRef = AC08045B2405AEDC005B8738 /* ResultsItems.swift */; };
		AC08045E2405BD51005B8738 /* Results.swift in Sources */ = {isa = PBXBuildFile; fileRef = AC08045D2405BD51005B8738 /* Results.swift */; };
		AC7247A32409268000571419 /* MoviesListPresenterProtocol.swift in Sources */ = {isa = PBXBuildFile; fileRef = AC7247A22409268000571419 /* MoviesListPresenterProtocol.swift */; };
		AC7247A52409269E00571419 /* MoviesListPresenter.swift in Sources */ = {isa = PBXBuildFile; fileRef = AC7247A42409269E00571419 /* MoviesListPresenter.swift */; };
		AC7247A7240928DA00571419 /* MoviesListViewProtocol.swift in Sources */ = {isa = PBXBuildFile; fileRef = AC7247A6240928DA00571419 /* MoviesListViewProtocol.swift */; };
		ACA928A0240730A3006C5AAF /* CustomTableViewCell.swift in Sources */ = {isa = PBXBuildFile; fileRef = ACA9289F240730A3006C5AAF /* CustomTableViewCell.swift */; };
		ACCE1EEE2409D232006E8111 /* Constants.swift in Sources */ = {isa = PBXBuildFile; fileRef = ACCE1EED2409D232006E8111 /* Constants.swift */; };
		ACCE1EF1240AB387006E8111 /* Alamofire in Frameworks */ = {isa = PBXBuildFile; productRef = ACCE1EF0240AB387006E8111 /* Alamofire */; };
		ACCE1EF4240AB3D3006E8111 /* SDWebImage in Frameworks */ = {isa = PBXBuildFile; productRef = ACCE1EF3240AB3D3006E8111 /* SDWebImage */; };
		ACCE1EF6240AB3D3006E8111 /* SDWebImageMapKit in Frameworks */ = {isa = PBXBuildFile; productRef = ACCE1EF5240AB3D3006E8111 /* SDWebImageMapKit */; };
		ACCE1EF9240AB419006E8111 /* ViewAnimator in Frameworks */ = {isa = PBXBuildFile; productRef = ACCE1EF8240AB419006E8111 /* ViewAnimator */; };
		ACCE1EFC240BF88D006E8111 /* DetailMovieController.swift in Sources */ = {isa = PBXBuildFile; fileRef = ACCE1EFB240BF88D006E8111 /* DetailMovieController.swift */; };
		ACCE1EFF240C0AE7006E8111 /* Hero in Frameworks */ = {isa = PBXBuildFile; productRef = ACCE1EFE240C0AE7006E8111 /* Hero */; };
		ACCE1F03240C1201006E8111 /* ImageUtils.swift in Sources */ = {isa = PBXBuildFile; fileRef = ACCE1F02240C1201006E8111 /* ImageUtils.swift */; };
		ACCE1F05240C1579006E8111 /* AnimationUtils.swift in Sources */ = {isa = PBXBuildFile; fileRef = ACCE1F04240C1579006E8111 /* AnimationUtils.swift */; };
		ACCE1F07240C1769006E8111 /* Colors.xcassets in Resources */ = {isa = PBXBuildFile; fileRef = ACCE1F06240C1769006E8111 /* Colors.xcassets */; };
		ACD0FEEE2409A2D0009E8615 /* MoviesListInteractorProtocol.swift in Sources */ = {isa = PBXBuildFile; fileRef = ACD0FEED2409A2D0009E8615 /* MoviesListInteractorProtocol.swift */; };
		ACD0FEF02409A2EB009E8615 /* MoviesListInteractor.swift in Sources */ = {isa = PBXBuildFile; fileRef = ACD0FEEF2409A2EB009E8615 /* MoviesListInteractor.swift */; };
/* End PBXBuildFile section */

/* Begin PBXFileReference section */
		AC08043C24059D2E005B8738 /* MoviesAppIOS.app */ = {isa = PBXFileReference; explicitFileType = wrapper.application; includeInIndex = 0; path = MoviesAppIOS.app; sourceTree = BUILT_PRODUCTS_DIR; };
		AC08043F24059D2E005B8738 /* AppDelegate.swift */ = {isa = PBXFileReference; lastKnownFileType = sourcecode.swift; path = AppDelegate.swift; sourceTree = "<group>"; };
		AC08044124059D2E005B8738 /* SceneDelegate.swift */ = {isa = PBXFileReference; lastKnownFileType = sourcecode.swift; path = SceneDelegate.swift; sourceTree = "<group>"; };
		AC08044324059D2E005B8738 /* ViewController.swift */ = {isa = PBXFileReference; lastKnownFileType = sourcecode.swift; path = ViewController.swift; sourceTree = "<group>"; };
		AC08044624059D2E005B8738 /* Base */ = {isa = PBXFileReference; lastKnownFileType = file.storyboard; name = Base; path = Base.lproj/Main.storyboard; sourceTree = "<group>"; };
		AC08044824059D2F005B8738 /* Assets.xcassets */ = {isa = PBXFileReference; lastKnownFileType = folder.assetcatalog; path = Assets.xcassets; sourceTree = "<group>"; };
		AC08044B24059D2F005B8738 /* Base */ = {isa = PBXFileReference; lastKnownFileType = file.storyboard; name = Base; path = Base.lproj/LaunchScreen.storyboard; sourceTree = "<group>"; };
		AC08044D24059D2F005B8738 /* Info.plist */ = {isa = PBXFileReference; lastKnownFileType = text.plist.xml; path = Info.plist; sourceTree = "<group>"; };
		AC08045B2405AEDC005B8738 /* ResultsItems.swift */ = {isa = PBXFileReference; lastKnownFileType = sourcecode.swift; path = ResultsItems.swift; sourceTree = "<group>"; };
		AC08045D2405BD51005B8738 /* Results.swift */ = {isa = PBXFileReference; lastKnownFileType = sourcecode.swift; path = Results.swift; sourceTree = "<group>"; };
		AC7247A22409268000571419 /* MoviesListPresenterProtocol.swift */ = {isa = PBXFileReference; lastKnownFileType = sourcecode.swift; path = MoviesListPresenterProtocol.swift; sourceTree = "<group>"; };
		AC7247A42409269E00571419 /* MoviesListPresenter.swift */ = {isa = PBXFileReference; lastKnownFileType = sourcecode.swift; path = MoviesListPresenter.swift; sourceTree = "<group>"; };
		AC7247A6240928DA00571419 /* MoviesListViewProtocol.swift */ = {isa = PBXFileReference; lastKnownFileType = sourcecode.swift; path = MoviesListViewProtocol.swift; sourceTree = "<group>"; };
		ACA9289F240730A3006C5AAF /* CustomTableViewCell.swift */ = {isa = PBXFileReference; lastKnownFileType = sourcecode.swift; path = CustomTableViewCell.swift; sourceTree = "<group>"; };
		ACCE1EED2409D232006E8111 /* Constants.swift */ = {isa = PBXFileReference; lastKnownFileType = sourcecode.swift; path = Constants.swift; sourceTree = "<group>"; };
		ACCE1EFB240BF88D006E8111 /* DetailMovieController.swift */ = {isa = PBXFileReference; lastKnownFileType = sourcecode.swift; path = DetailMovieController.swift; sourceTree = "<group>"; };
		ACCE1F02240C1201006E8111 /* ImageUtils.swift */ = {isa = PBXFileReference; lastKnownFileType = sourcecode.swift; path = ImageUtils.swift; sourceTree = "<group>"; };
		ACCE1F04240C1579006E8111 /* AnimationUtils.swift */ = {isa = PBXFileReference; lastKnownFileType = sourcecode.swift; path = AnimationUtils.swift; sourceTree = "<group>"; };
		ACCE1F06240C1769006E8111 /* Colors.xcassets */ = {isa = PBXFileReference; lastKnownFileType = folder.assetcatalog; path = Colors.xcassets; sourceTree = "<group>"; };
		ACD0FEED2409A2D0009E8615 /* MoviesListInteractorProtocol.swift */ = {isa = PBXFileReference; lastKnownFileType = sourcecode.swift; path = MoviesListInteractorProtocol.swift; sourceTree = "<group>"; };
		ACD0FEEF2409A2EB009E8615 /* MoviesListInteractor.swift */ = {isa = PBXFileReference; lastKnownFileType = sourcecode.swift; path = MoviesListInteractor.swift; sourceTree = "<group>"; };
/* End PBXFileReference section */

/* Begin PBXFrameworksBuildPhase section */
		AC08043924059D2E005B8738 /* Frameworks */ = {
			isa = PBXFrameworksBuildPhase;
			buildActionMask = 2147483647;
			files = (
				ACCE1EF4240AB3D3006E8111 /* SDWebImage in Frameworks */,
				ACCE1EF6240AB3D3006E8111 /* SDWebImageMapKit in Frameworks */,
				ACCE1EF9240AB419006E8111 /* ViewAnimator in Frameworks */,
				ACCE1EFF240C0AE7006E8111 /* Hero in Frameworks */,
				ACCE1EF1240AB387006E8111 /* Alamofire in Frameworks */,
			);
			runOnlyForDeploymentPostprocessing = 0;
		};
/* End PBXFrameworksBuildPhase section */

/* Begin PBXGroup section */
		AC08043324059D2E005B8738 = {
			isa = PBXGroup;
			children = (
				AC08043E24059D2E005B8738 /* MoviesAppIOS */,
				AC08043D24059D2E005B8738 /* Products */,
			);
			sourceTree = "<group>";
		};
		AC08043D24059D2E005B8738 /* Products */ = {
			isa = PBXGroup;
			children = (
				AC08043C24059D2E005B8738 /* MoviesAppIOS.app */,
			);
			name = Products;
			sourceTree = "<group>";
		};
		AC08043E24059D2E005B8738 /* MoviesAppIOS */ = {
			isa = PBXGroup;
			children = (
				ACCE1F01240C11C9006E8111 /* Utils */,
				ACCE1EEC2409D1E0006E8111 /* Common */,
				AC08045A2405AE85005B8738 /* DTO */,
				AC08045524059DAD005B8738 /* Resources */,
				AC08045424059D90005B8738 /* Entities */,
				AC08045324059D89005B8738 /* Base */,
			);
			path = MoviesAppIOS;
			sourceTree = "<group>";
		};
		AC08045324059D89005B8738 /* Base */ = {
			isa = PBXGroup;
			children = (
				AC08043F24059D2E005B8738 /* AppDelegate.swift */,
				AC08044124059D2E005B8738 /* SceneDelegate.swift */,
				AC08044A24059D2F005B8738 /* LaunchScreen.storyboard */,
				AC08044D24059D2F005B8738 /* Info.plist */,
			);
			path = Base;
			sourceTree = "<group>";
		};
		AC08045424059D90005B8738 /* Entities */ = {
			isa = PBXGroup;
			children = (
				ACCE1EFA240BF850006E8111 /* StoryBoard */,
				AC08045724059DD6005B8738 /* MoviesDetail */,
				AC08045624059DC8005B8738 /* MoviesList */,
			);
			path = Entities;
			sourceTree = "<group>";
		};
		AC08045524059DAD005B8738 /* Resources */ = {
			isa = PBXGroup;
			children = (
				AC0804592405AA21005B8738 /* Colors */,
				AC0804582405AA1C005B8738 /* Images */,
			);
			path = Resources;
			sourceTree = "<group>";
		};
		AC08045624059DC8005B8738 /* MoviesList */ = {
			isa = PBXGroup;
			children = (
				AC72479E240925D200571419 /* Interactor */,
				AC72479D240925C900571419 /* Presenter */,
				AC72479C240925C200571419 /* View */,
			);
			path = MoviesList;
			sourceTree = "<group>";
		};
		AC08045724059DD6005B8738 /* MoviesDetail */ = {
			isa = PBXGroup;
			children = (
				ACCE1EFB240BF88D006E8111 /* DetailMovieController.swift */,
			);
			path = MoviesDetail;
			sourceTree = "<group>";
		};
		AC0804582405AA1C005B8738 /* Images */ = {
			isa = PBXGroup;
			children = (
				AC08044824059D2F005B8738 /* Assets.xcassets */,
				ACCE1F06240C1769006E8111 /* Colors.xcassets */,
			);
			path = Images;
			sourceTree = "<group>";
		};
		AC0804592405AA21005B8738 /* Colors */ = {
			isa = PBXGroup;
			children = (
			);
			path = Colors;
			sourceTree = "<group>";
		};
		AC08045A2405AE85005B8738 /* DTO */ = {
			isa = PBXGroup;
			children = (
				AC08045B2405AEDC005B8738 /* ResultsItems.swift */,
				AC08045D2405BD51005B8738 /* Results.swift */,
			);
			path = DTO;
			sourceTree = "<group>";
		};
		AC72479C240925C200571419 /* View */ = {
			isa = PBXGroup;
			children = (
				ACA9289F240730A3006C5AAF /* CustomTableViewCell.swift */,
				AC7247A6240928DA00571419 /* MoviesListViewProtocol.swift */,
				AC08044324059D2E005B8738 /* ViewController.swift */,
			);
			path = View;
			sourceTree = "<group>";
		};
		AC72479D240925C900571419 /* Presenter */ = {
			isa = PBXGroup;
			children = (
				AC7247A22409268000571419 /* MoviesListPresenterProtocol.swift */,
				AC7247A42409269E00571419 /* MoviesListPresenter.swift */,
			);
			path = Presenter;
			sourceTree = "<group>";
		};
		AC72479E240925D200571419 /* Interactor */ = {
			isa = PBXGroup;
			children = (
				ACD0FEED2409A2D0009E8615 /* MoviesListInteractorProtocol.swift */,
				ACD0FEEF2409A2EB009E8615 /* MoviesListInteractor.swift */,
			);
			path = Interactor;
			sourceTree = "<group>";
		};
		ACCE1EEC2409D1E0006E8111 /* Common */ = {
			isa = PBXGroup;
			children = (
				ACCE1EED2409D232006E8111 /* Constants.swift */,
			);
			path = Common;
			sourceTree = "<group>";
		};
		ACCE1EFA240BF850006E8111 /* StoryBoard */ = {
			isa = PBXGroup;
			children = (
				AC08044524059D2E005B8738 /* Main.storyboard */,
			);
			path = StoryBoard;
			sourceTree = "<group>";
		};
		ACCE1F01240C11C9006E8111 /* Utils */ = {
			isa = PBXGroup;
			children = (
				ACCE1F02240C1201006E8111 /* ImageUtils.swift */,
				ACCE1F04240C1579006E8111 /* AnimationUtils.swift */,
			);
			path = Utils;
			sourceTree = "<group>";
		};
/* End PBXGroup section */

/* Begin PBXNativeTarget section */
		AC08043B24059D2E005B8738 /* MoviesAppIOS */ = {
			isa = PBXNativeTarget;
			buildConfigurationList = AC08045024059D2F005B8738 /* Build configuration list for PBXNativeTarget "MoviesAppIOS" */;
			buildPhases = (
				AC08043824059D2E005B8738 /* Sources */,
				AC08043924059D2E005B8738 /* Frameworks */,
				AC08043A24059D2E005B8738 /* Resources */,
			);
			buildRules = (
			);
			dependencies = (
			);
			name = MoviesAppIOS;
			packageProductDependencies = (
				ACCE1EF0240AB387006E8111 /* Alamofire */,
				ACCE1EF3240AB3D3006E8111 /* SDWebImage */,
				ACCE1EF5240AB3D3006E8111 /* SDWebImageMapKit */,
				ACCE1EF8240AB419006E8111 /* ViewAnimator */,
				ACCE1EFE240C0AE7006E8111 /* Hero */,
			);
			productName = MoviesAppIOS;
			productReference = AC08043C24059D2E005B8738 /* MoviesAppIOS.app */;
			productType = "com.apple.product-type.application";
		};
/* End PBXNativeTarget section */

/* Begin PBXProject section */
		AC08043424059D2E005B8738 /* Project object */ = {
			isa = PBXProject;
			attributes = {
				LastSwiftUpdateCheck = 1130;
				LastUpgradeCheck = 1130;
				ORGANIZATIONNAME = "Andres Rivas";
				TargetAttributes = {
					AC08043B24059D2E005B8738 = {
						CreatedOnToolsVersion = 11.3.1;
					};
				};
			};
			buildConfigurationList = AC08043724059D2E005B8738 /* Build configuration list for PBXProject "MoviesAppIOS" */;
			compatibilityVersion = "Xcode 9.3";
			developmentRegion = en;
			hasScannedForEncodings = 0;
			knownRegions = (
				en,
				Base,
			);
			mainGroup = AC08043324059D2E005B8738;
			packageReferences = (
				ACCE1EEF240AB387006E8111 /* XCRemoteSwiftPackageReference "Alamofire" */,
				ACCE1EF2240AB3D3006E8111 /* XCRemoteSwiftPackageReference "SDWebImage" */,
				ACCE1EF7240AB419006E8111 /* XCRemoteSwiftPackageReference "ViewAnimator" */,
				ACCE1EFD240C0AE7006E8111 /* XCRemoteSwiftPackageReference "Hero" */,
			);
			productRefGroup = AC08043D24059D2E005B8738 /* Products */;
			projectDirPath = "";
			projectRoot = "";
			targets = (
				AC08043B24059D2E005B8738 /* MoviesAppIOS */,
			);
		};
/* End PBXProject section */

/* Begin PBXResourcesBuildPhase section */
		AC08043A24059D2E005B8738 /* Resources */ = {
			isa = PBXResourcesBuildPhase;
			buildActionMask = 2147483647;
			files = (
				AC08044C24059D2F005B8738 /* LaunchScreen.storyboard in Resources */,
				ACCE1F07240C1769006E8111 /* Colors.xcassets in Resources */,
				AC08044924059D2F005B8738 /* Assets.xcassets in Resources */,
				AC08044724059D2E005B8738 /* Main.storyboard in Resources */,
			);
			runOnlyForDeploymentPostprocessing = 0;
		};
/* End PBXResourcesBuildPhase section */

/* Begin PBXSourcesBuildPhase section */
		AC08043824059D2E005B8738 /* Sources */ = {
			isa = PBXSourcesBuildPhase;
			buildActionMask = 2147483647;
			files = (
				AC7247A7240928DA00571419 /* MoviesListViewProtocol.swift in Sources */,
				ACA928A0240730A3006C5AAF /* CustomTableViewCell.swift in Sources */,
				ACD0FEF02409A2EB009E8615 /* MoviesListInteractor.swift in Sources */,
				AC08044424059D2E005B8738 /* ViewController.swift in Sources */,
				ACCE1EFC240BF88D006E8111 /* DetailMovieController.swift in Sources */,
				ACCE1F05240C1579006E8111 /* AnimationUtils.swift in Sources */,
				AC08045C2405AEDC005B8738 /* ResultsItems.swift in Sources */,
				AC7247A52409269E00571419 /* MoviesListPresenter.swift in Sources */,
				AC08044024059D2E005B8738 /* AppDelegate.swift in Sources */,
				AC08044224059D2E005B8738 /* SceneDelegate.swift in Sources */,
				AC08045E2405BD51005B8738 /* Results.swift in Sources */,
				AC7247A32409268000571419 /* MoviesListPresenterProtocol.swift in Sources */,
				ACD0FEEE2409A2D0009E8615 /* MoviesListInteractorProtocol.swift in Sources */,
				ACCE1EEE2409D232006E8111 /* Constants.swift in Sources */,
				ACCE1F03240C1201006E8111 /* ImageUtils.swift in Sources */,
			);
			runOnlyForDeploymentPostprocessing = 0;
		};
/* End PBXSourcesBuildPhase section */

/* Begin PBXVariantGroup section */
		AC08044524059D2E005B8738 /* Main.storyboard */ = {
			isa = PBXVariantGroup;
			children = (
				AC08044624059D2E005B8738 /* Base */,
			);
			name = Main.storyboard;
			sourceTree = "<group>";
		};
		AC08044A24059D2F005B8738 /* LaunchScreen.storyboard */ = {
			isa = PBXVariantGroup;
			children = (
				AC08044B24059D2F005B8738 /* Base */,
			);
			name = LaunchScreen.storyboard;
			sourceTree = "<group>";
		};
/* End PBXVariantGroup section */

/* Begin XCBuildConfiguration section */
		AC08044E24059D2F005B8738 /* Debug */ = {
			isa = XCBuildConfiguration;
			buildSettings = {
				ALWAYS_SEARCH_USER_PATHS = NO;
				CLANG_ANALYZER_NONNULL = YES;
				CLANG_ANALYZER_NUMBER_OBJECT_CONVERSION = YES_AGGRESSIVE;
				CLANG_CXX_LANGUAGE_STANDARD = "gnu++14";
				CLANG_CXX_LIBRARY = "libc++";
				CLANG_ENABLE_MODULES = YES;
				CLANG_ENABLE_OBJC_ARC = YES;
				CLANG_ENABLE_OBJC_WEAK = YES;
				CLANG_WARN_BLOCK_CAPTURE_AUTORELEASING = YES;
				CLANG_WARN_BOOL_CONVERSION = YES;
				CLANG_WARN_COMMA = YES;
				CLANG_WARN_CONSTANT_CONVERSION = YES;
				CLANG_WARN_DEPRECATED_OBJC_IMPLEMENTATIONS = YES;
				CLANG_WARN_DIRECT_OBJC_ISA_USAGE = YES_ERROR;
				CLANG_WARN_DOCUMENTATION_COMMENTS = YES;
				CLANG_WARN_EMPTY_BODY = YES;
				CLANG_WARN_ENUM_CONVERSION = YES;
				CLANG_WARN_INFINITE_RECURSION = YES;
				CLANG_WARN_INT_CONVERSION = YES;
				CLANG_WARN_NON_LITERAL_NULL_CONVERSION = YES;
				CLANG_WARN_OBJC_IMPLICIT_RETAIN_SELF = YES;
				CLANG_WARN_OBJC_LITERAL_CONVERSION = YES;
				CLANG_WARN_OBJC_ROOT_CLASS = YES_ERROR;
				CLANG_WARN_RANGE_LOOP_ANALYSIS = YES;
				CLANG_WARN_STRICT_PROTOTYPES = YES;
				CLANG_WARN_SUSPICIOUS_MOVE = YES;
				CLANG_WARN_UNGUARDED_AVAILABILITY = YES_AGGRESSIVE;
				CLANG_WARN_UNREACHABLE_CODE = YES;
				CLANG_WARN__DUPLICATE_METHOD_MATCH = YES;
				COPY_PHASE_STRIP = NO;
				DEBUG_INFORMATION_FORMAT = dwarf;
				ENABLE_STRICT_OBJC_MSGSEND = YES;
				ENABLE_TESTABILITY = YES;
				GCC_C_LANGUAGE_STANDARD = gnu11;
				GCC_DYNAMIC_NO_PIC = NO;
				GCC_NO_COMMON_BLOCKS = YES;
				GCC_OPTIMIZATION_LEVEL = 0;
				GCC_PREPROCESSOR_DEFINITIONS = (
					"DEBUG=1",
					"$(inherited)",
				);
				GCC_WARN_64_TO_32_BIT_CONVERSION = YES;
				GCC_WARN_ABOUT_RETURN_TYPE = YES_ERROR;
				GCC_WARN_UNDECLARED_SELECTOR = YES;
				GCC_WARN_UNINITIALIZED_AUTOS = YES_AGGRESSIVE;
				GCC_WARN_UNUSED_FUNCTION = YES;
				GCC_WARN_UNUSED_VARIABLE = YES;
				IPHONEOS_DEPLOYMENT_TARGET = 13.2;
				MTL_ENABLE_DEBUG_INFO = INCLUDE_SOURCE;
				MTL_FAST_MATH = YES;
				ONLY_ACTIVE_ARCH = YES;
				SDKROOT = iphoneos;
				SWIFT_ACTIVE_COMPILATION_CONDITIONS = DEBUG;
				SWIFT_OPTIMIZATION_LEVEL = "-Onone";
			};
			name = Debug;
		};
		AC08044F24059D2F005B8738 /* Release */ = {
			isa = XCBuildConfiguration;
			buildSettings = {
				ALWAYS_SEARCH_USER_PATHS = NO;
				CLANG_ANALYZER_NONNULL = YES;
				CLANG_ANALYZER_NUMBER_OBJECT_CONVERSION = YES_AGGRESSIVE;
				CLANG_CXX_LANGUAGE_STANDARD = "gnu++14";
				CLANG_CXX_LIBRARY = "libc++";
				CLANG_ENABLE_MODULES = YES;
				CLANG_ENABLE_OBJC_ARC = YES;
				CLANG_ENABLE_OBJC_WEAK = YES;
				CLANG_WARN_BLOCK_CAPTURE_AUTORELEASING = YES;
				CLANG_WARN_BOOL_CONVERSION = YES;
				CLANG_WARN_COMMA = YES;
				CLANG_WARN_CONSTANT_CONVERSION = YES;
				CLANG_WARN_DEPRECATED_OBJC_IMPLEMENTATIONS = YES;
				CLANG_WARN_DIRECT_OBJC_ISA_USAGE = YES_ERROR;
				CLANG_WARN_DOCUMENTATION_COMMENTS = YES;
				CLANG_WARN_EMPTY_BODY = YES;
				CLANG_WARN_ENUM_CONVERSION = YES;
				CLANG_WARN_INFINITE_RECURSION = YES;
				CLANG_WARN_INT_CONVERSION = YES;
				CLANG_WARN_NON_LITERAL_NULL_CONVERSION = YES;
				CLANG_WARN_OBJC_IMPLICIT_RETAIN_SELF = YES;
				CLANG_WARN_OBJC_LITERAL_CONVERSION = YES;
				CLANG_WARN_OBJC_ROOT_CLASS = YES_ERROR;
				CLANG_WARN_RANGE_LOOP_ANALYSIS = YES;
				CLANG_WARN_STRICT_PROTOTYPES = YES;
				CLANG_WARN_SUSPICIOUS_MOVE = YES;
				CLANG_WARN_UNGUARDED_AVAILABILITY = YES_AGGRESSIVE;
				CLANG_WARN_UNREACHABLE_CODE = YES;
				CLANG_WARN__DUPLICATE_METHOD_MATCH = YES;
				COPY_PHASE_STRIP = NO;
				DEBUG_INFORMATION_FORMAT = "dwarf-with-dsym";
				ENABLE_NS_ASSERTIONS = NO;
				ENABLE_STRICT_OBJC_MSGSEND = YES;
				GCC_C_LANGUAGE_STANDARD = gnu11;
				GCC_NO_COMMON_BLOCKS = YES;
				GCC_WARN_64_TO_32_BIT_CONVERSION = YES;
				GCC_WARN_ABOUT_RETURN_TYPE = YES_ERROR;
				GCC_WARN_UNDECLARED_SELECTOR = YES;
				GCC_WARN_UNINITIALIZED_AUTOS = YES_AGGRESSIVE;
				GCC_WARN_UNUSED_FUNCTION = YES;
				GCC_WARN_UNUSED_VARIABLE = YES;
				IPHONEOS_DEPLOYMENT_TARGET = 13.2;
				MTL_ENABLE_DEBUG_INFO = NO;
				MTL_FAST_MATH = YES;
				SDKROOT = iphoneos;
				SWIFT_COMPILATION_MODE = wholemodule;
				SWIFT_OPTIMIZATION_LEVEL = "-O";
				VALIDATE_PRODUCT = YES;
			};
			name = Release;
		};
		AC08045124059D2F005B8738 /* Debug */ = {
			isa = XCBuildConfiguration;
			buildSettings = {
				ASSETCATALOG_COMPILER_APPICON_NAME = AppIcon;
				CODE_SIGN_STYLE = Automatic;
				DEVELOPMENT_TEAM = JDH6F56W4P;
				INFOPLIST_FILE = "$(SRCROOT)/MoviesAppIOS/Base/Info.plist";
				LD_RUNPATH_SEARCH_PATHS = (
					"$(inherited)",
					"@executable_path/Frameworks",
				);
				PRODUCT_BUNDLE_IDENTIFIER = com.ae.MoviesAppIOS;
				PRODUCT_NAME = "$(TARGET_NAME)";
				SWIFT_VERSION = 5.0;
				TARGETED_DEVICE_FAMILY = "1,2";
			};
			name = Debug;
		};
		AC08045224059D2F005B8738 /* Release */ = {
			isa = XCBuildConfiguration;
			buildSettings = {
				ASSETCATALOG_COMPILER_APPICON_NAME = AppIcon;
				CODE_SIGN_STYLE = Automatic;
				DEVELOPMENT_TEAM = JDH6F56W4P;
				INFOPLIST_FILE = "$(SRCROOT)/MoviesAppIOS/Base/Info.plist";
				LD_RUNPATH_SEARCH_PATHS = (
					"$(inherited)",
					"@executable_path/Frameworks",
				);
				PRODUCT_BUNDLE_IDENTIFIER = com.ae.MoviesAppIOS;
				PRODUCT_NAME = "$(TARGET_NAME)";
				SWIFT_VERSION = 5.0;
				TARGETED_DEVICE_FAMILY = "1,2";
			};
			name = Release;
		};
/* End XCBuildConfiguration section */

/* Begin XCConfigurationList section */
		AC08043724059D2E005B8738 /* Build configuration list for PBXProject "MoviesAppIOS" */ = {
			isa = XCConfigurationList;
			buildConfigurations = (
				AC08044E24059D2F005B8738 /* Debug */,
				AC08044F24059D2F005B8738 /* Release */,
			);
			defaultConfigurationIsVisible = 0;
			defaultConfigurationName = Release;
		};
		AC08045024059D2F005B8738 /* Build configuration list for PBXNativeTarget "MoviesAppIOS" */ = {
			isa = XCConfigurationList;
			buildConfigurations = (
				AC08045124059D2F005B8738 /* Debug */,
				AC08045224059D2F005B8738 /* Release */,
			);
			defaultConfigurationIsVisible = 0;
			defaultConfigurationName = Release;
		};
/* End XCConfigurationList section */

/* Begin XCRemoteSwiftPackageReference section */
		ACCE1EEF240AB387006E8111 /* XCRemoteSwiftPackageReference "Alamofire" */ = {
			isa = XCRemoteSwiftPackageReference;
			repositoryURL = "https://github.com/Alamofire/Alamofire";
			requirement = {
				kind = upToNextMajorVersion;
				minimumVersion = 5.0.2;
			};
		};
		ACCE1EF2240AB3D3006E8111 /* XCRemoteSwiftPackageReference "SDWebImage" */ = {
			isa = XCRemoteSwiftPackageReference;
			repositoryURL = "https://github.com/SDWebImage/SDWebImage";
			requirement = {
				kind = upToNextMajorVersion;
				minimumVersion = 5.5.2;
			};
		};
		ACCE1EF7240AB419006E8111 /* XCRemoteSwiftPackageReference "ViewAnimator" */ = {
			isa = XCRemoteSwiftPackageReference;
			repositoryURL = "https://github.com/marcosgriselli/ViewAnimator";
			requirement = {
				kind = upToNextMajorVersion;
				minimumVersion = 2.7.0;
			};
		};
		ACCE1EFD240C0AE7006E8111 /* XCRemoteSwiftPackageReference "Hero" */ = {
			isa = XCRemoteSwiftPackageReference;
			repositoryURL = "https://github.com/HeroTransitions/Hero";
			requirement = {
				kind = upToNextMajorVersion;
				minimumVersion = 1.5.0;
			};
		};
/* End XCRemoteSwiftPackageReference section */

/* Begin XCSwiftPackageProductDependency section */
		ACCE1EF0240AB387006E8111 /* Alamofire */ = {
			isa = XCSwiftPackageProductDependency;
			package = ACCE1EEF240AB387006E8111 /* XCRemoteSwiftPackageReference "Alamofire" */;
			productName = Alamofire;
		};
		ACCE1EF3240AB3D3006E8111 /* SDWebImage */ = {
			isa = XCSwiftPackageProductDependency;
			package = ACCE1EF2240AB3D3006E8111 /* XCRemoteSwiftPackageReference "SDWebImage" */;
			productName = SDWebImage;
		};
		ACCE1EF5240AB3D3006E8111 /* SDWebImageMapKit */ = {
			isa = XCSwiftPackageProductDependency;
			package = ACCE1EF2240AB3D3006E8111 /* XCRemoteSwiftPackageReference "SDWebImage" */;
			productName = SDWebImageMapKit;
		};
		ACCE1EF8240AB419006E8111 /* ViewAnimator */ = {
			isa = XCSwiftPackageProductDependency;
			package = ACCE1EF7240AB419006E8111 /* XCRemoteSwiftPackageReference "ViewAnimator" */;
			productName = ViewAnimator;
		};
		ACCE1EFE240C0AE7006E8111 /* Hero */ = {
			isa = XCSwiftPackageProductDependency;
			package = ACCE1EFD240C0AE7006E8111 /* XCRemoteSwiftPackageReference "Hero" */;
			productName = Hero;
		};
/* End XCSwiftPackageProductDependency section */
	};
	rootObject = AC08043424059D2E005B8738 /* Project object */;
}
